// !$*UTF8*$!
{
	archiveVersion = 1;
	classes = {
	};
	objectVersion = 55;
	objects = {

/* Begin PBXBuildFile section */
		F158BD162718AA7B00B3D736 /* AppDelegate.swift in Sources */ = {isa = PBXBuildFile; fileRef = F158BD152718AA7B00B3D736 /* AppDelegate.swift */; };
		F158BD182718AA7B00B3D736 /* SceneDelegate.swift in Sources */ = {isa = PBXBuildFile; fileRef = F158BD172718AA7B00B3D736 /* SceneDelegate.swift */; };
		F158BD1A2718AA7B00B3D736 /* MainViewController.swift in Sources */ = {isa = PBXBuildFile; fileRef = F158BD192718AA7B00B3D736 /* MainViewController.swift */; };
		F158BD1D2718AA7B00B3D736 /* Main.storyboard in Resources */ = {isa = PBXBuildFile; fileRef = F158BD1B2718AA7B00B3D736 /* Main.storyboard */; };
		F158BD1F2718AA7D00B3D736 /* Assets.xcassets in Resources */ = {isa = PBXBuildFile; fileRef = F158BD1E2718AA7D00B3D736 /* Assets.xcassets */; };
		F158BD222718AA7D00B3D736 /* LaunchScreen.storyboard in Resources */ = {isa = PBXBuildFile; fileRef = F158BD202718AA7D00B3D736 /* LaunchScreen.storyboard */; };
		F158BD2A2718B34200B3D736 /* GreetingsViewController.swift in Sources */ = {isa = PBXBuildFile; fileRef = F158BD292718B34200B3D736 /* GreetingsViewController.swift */; };
/* End PBXBuildFile section */

/* Begin PBXFileReference section */
		F158BD122718AA7B00B3D736 /* TestDelete.app */ = {isa = PBXFileReference; explicitFileType = wrapper.application; includeInIndex = 0; path = TestDelete.app; sourceTree = BUILT_PRODUCTS_DIR; };
		F158BD152718AA7B00B3D736 /* AppDelegate.swift */ = {isa = PBXFileReference; lastKnownFileType = sourcecode.swift; path = AppDelegate.swift; sourceTree = "<group>"; };
		F158BD172718AA7B00B3D736 /* SceneDelegate.swift */ = {isa = PBXFileReference; lastKnownFileType = sourcecode.swift; path = SceneDelegate.swift; sourceTree = "<group>"; };
		F158BD192718AA7B00B3D736 /* MainViewController.swift */ = {isa = PBXFileReference; lastKnownFileType = sourcecode.swift; path = MainViewController.swift; sourceTree = "<group>"; };
		F158BD1C2718AA7B00B3D736 /* Base */ = {isa = PBXFileReference; lastKnownFileType = file.storyboard; name = Base; path = Base.lproj/Main.storyboard; sourceTree = "<group>"; };
		F158BD1E2718AA7D00B3D736 /* Assets.xcassets */ = {isa = PBXFileReference; lastKnownFileType = folder.assetcatalog; path = Assets.xcassets; sourceTree = "<group>"; };
		F158BD212718AA7D00B3D736 /* Base */ = {isa = PBXFileReference; lastKnownFileType = file.storyboard; name = Base; path = Base.lproj/LaunchScreen.storyboard; sourceTree = "<group>"; };
		F158BD232718AA7D00B3D736 /* Info.plist */ = {isa = PBXFileReference; lastKnownFileType = text.plist.xml; path = Info.plist; sourceTree = "<group>"; };
		F158BD292718B34200B3D736 /* GreetingsViewController.swift */ = {isa = PBXFileReference; lastKnownFileType = sourcecode.swift; path = GreetingsViewController.swift; sourceTree = "<group>"; };
/* End PBXFileReference section */

/* Begin PBXFrameworksBuildPhase section */
		F158BD0F2718AA7B00B3D736 /* Frameworks */ = {
			isa = PBXFrameworksBuildPhase;
			buildActionMask = 2147483647;
			files = (
			);
			runOnlyForDeploymentPostprocessing = 0;
		};
/* End PBXFrameworksBuildPhase section */

/* Begin PBXGroup section */
		F158BD092718AA7B00B3D736 = {
			isa = PBXGroup;
			children = (
				F158BD142718AA7B00B3D736 /* TestDelete */,
				F158BD132718AA7B00B3D736 /* Products */,
			);
			sourceTree = "<group>";
		};
		F158BD132718AA7B00B3D736 /* Products */ = {
			isa = PBXGroup;
			children = (
				F158BD122718AA7B00B3D736 /* TestDelete.app */,
			);
			name = Products;
			sourceTree = "<group>";
		};
		F158BD142718AA7B00B3D736 /* TestDelete */ = {
			isa = PBXGroup;
			children = (
				F158BD2F2719E6C500B3D736 /* App */,
				F158BD2C2719E66F00B3D736 /* ViewControllers */,
				F158BD2D2719E68300B3D736 /* Storyboards */,
				F158BD2E2719E6B600B3D736 /* Resources */,
			);
			path = TestDelete;
			sourceTree = "<group>";
		};
		F158BD2C2719E66F00B3D736 /* ViewControllers */ = {
			isa = PBXGroup;
			children = (
				F158BD192718AA7B00B3D736 /* MainViewController.swift */,
				F158BD292718B34200B3D736 /* GreetingsViewController.swift */,
			);
			path = ViewControllers;
			sourceTree = "<group>";
		};
		F158BD2D2719E68300B3D736 /* Storyboards */ = {
			isa = PBXGroup;
			children = (
				F158BD1B2718AA7B00B3D736 /* Main.storyboard */,
				F158BD202718AA7D00B3D736 /* LaunchScreen.storyboard */,
			);
			path = Storyboards;
			sourceTree = "<group>";
		};
		F158BD2E2719E6B600B3D736 /* Resources */ = {
			isa = PBXGroup;
			children = (
				F158BD1E2718AA7D00B3D736 /* Assets.xcassets */,
			);
			path = Resources;
			sourceTree = "<group>";
		};
		F158BD2F2719E6C500B3D736 /* App */ = {
			isa = PBXGroup;
			children = (
				F158BD152718AA7B00B3D736 /* AppDelegate.swift */,
				F158BD172718AA7B00B3D736 /* SceneDelegate.swift */,
				F158BD232718AA7D00B3D736 /* Info.plist */,
			);
			path = App;
			sourceTree = "<group>";
		};
/* End PBXGroup section */

/* Begin PBXNativeTarget section */
		F158BD112718AA7B00B3D736 /* TestDelete */ = {
			isa = PBXNativeTarget;
			buildConfigurationList = F158BD262718AA7D00B3D736 /* Build configuration list for PBXNativeTarget "TestDelete" */;
			buildPhases = (
				F158BD0E2718AA7B00B3D736 /* Sources */,
				F158BD0F2718AA7B00B3D736 /* Frameworks */,
				F158BD102718AA7B00B3D736 /* Resources */,
			);
			buildRules = (
			);
			dependencies = (
			);
			name = TestDelete;
			productName = TestDelete;
			productReference = F158BD122718AA7B00B3D736 /* TestDelete.app */;
			productType = "com.apple.product-type.application";
		};
/* End PBXNativeTarget section */

/* Begin PBXProject section */
		F158BD0A2718AA7B00B3D736 /* Project object */ = {
			isa = PBXProject;
			attributes = {
				BuildIndependentTargetsInParallel = 1;
				LastSwiftUpdateCheck = 1300;
				LastUpgradeCheck = 1300;
				TargetAttributes = {
					F158BD112718AA7B00B3D736 = {
						CreatedOnToolsVersion = 13.0;
					};
				};
			};
			buildConfigurationList = F158BD0D2718AA7B00B3D736 /* Build configuration list for PBXProject "TestDelete" */;
			compatibilityVersion = "Xcode 13.0";
			developmentRegion = en;
			hasScannedForEncodings = 0;
			knownRegions = (
				en,
				Base,
			);
			mainGroup = F158BD092718AA7B00B3D736;
			productRefGroup = F158BD132718AA7B00B3D736 /* Products */;
			projectDirPath = "";
			projectRoot = "";
			targets = (
				F158BD112718AA7B00B3D736 /* TestDelete */,
			);
		};
/* End PBXProject section */

/* Begin PBXResourcesBuildPhase section */
		F158BD102718AA7B00B3D736 /* Resources */ = {
			isa = PBXResourcesBuildPhase;
			buildActionMask = 2147483647;
			files = (
				F158BD222718AA7D00B3D736 /* LaunchScreen.storyboard in Resources */,
				F158BD1F2718AA7D00B3D736 /* Assets.xcassets in Resources */,
				F158BD1D2718AA7B00B3D736 /* Main.storyboard in Resources */,
			);
			runOnlyForDeploymentPostprocessing = 0;
		};
/* End PBXResourcesBuildPhase section */

/* Begin PBXSourcesBuildPhase section */
		F158BD0E2718AA7B00B3D736 /* Sources */ = {
			isa = PBXSourcesBuildPhase;
			buildActionMask = 2147483647;
			files = (
				F158BD1A2718AA7B00B3D736 /* MainViewController.swift in Sources */,
				F158BD162718AA7B00B3D736 /* AppDelegate.swift in Sources */,
				F158BD182718AA7B00B3D736 /* SceneDelegate.swift in Sources */,
				F158BD2A2718B34200B3D736 /* GreetingsViewController.swift in Sources */,
			);
			runOnlyForDeploymentPostprocessing = 0;
		};
/* End PBXSourcesBuildPhase section */

/* Begin PBXVariantGroup section */
		F158BD1B2718AA7B00B3D736 /* Main.storyboard */ = {
			isa = PBXVariantGroup;
			children = (
				F158BD1C2718AA7B00B3D736 /* Base */,
			);
			name = Main.storyboard;
			sourceTree = "<group>";
		};
		F158BD202718AA7D00B3D736 /* LaunchScreen.storyboard */ = {
			isa = PBXVariantGroup;
			children = (
				F158BD212718AA7D00B3D736 /* Base */,
			);
			name = LaunchScreen.storyboard;
			sourceTree = "<group>";
		};
/* End PBXVariantGroup section */

/* Begin XCBuildConfiguration section */
		F158BD242718AA7D00B3D736 /* Debug */ = {
			isa = XCBuildConfiguration;
			buildSettings = {
				ALWAYS_SEARCH_USER_PATHS = NO;
				CLANG_ANALYZER_NONNULL = YES;
				CLANG_ANALYZER_NUMBER_OBJECT_CONVERSION = YES_AGGRESSIVE;
				CLANG_CXX_LANGUAGE_STANDARD = "gnu++17";
				CLANG_CXX_LIBRARY = "libc++";
				CLANG_ENABLE_MODULES = YES;
				CLANG_ENABLE_OBJC_ARC = YES;
				CLANG_ENABLE_OBJC_WEAK = YES;
				CLANG_WARN_BLOCK_CAPTURE_AUTORELEASING = YES;
				CLANG_WARN_BOOL_CONVERSION = YES;
				CLANG_WARN_COMMA = YES;
				CLANG_WARN_CONSTANT_CONVERSION = YES;
				CLANG_WARN_DEPRECATED_OBJC_IMPLEMENTATIONS = YES;
				CLANG_WARN_DIRECT_OBJC_ISA_USAGE = YES_ERROR;
				CLANG_WARN_DOCUMENTATION_COMMENTS = YES;
				CLANG_WARN_EMPTY_BODY = YES;
				CLANG_WARN_ENUM_CONVERSION = YES;
				CLANG_WARN_INFINITE_RECURSION = YES;
				CLANG_WARN_INT_CONVERSION = YES;
				CLANG_WARN_NON_LITERAL_NULL_CONVERSION = YES;
				CLANG_WARN_OBJC_IMPLICIT_RETAIN_SELF = YES;
				CLANG_WARN_OBJC_LITERAL_CONVERSION = YES;
				CLANG_WARN_OBJC_ROOT_CLASS = YES_ERROR;
				CLANG_WARN_QUOTED_INCLUDE_IN_FRAMEWORK_HEADER = YES;
				CLANG_WARN_RANGE_LOOP_ANALYSIS = YES;
				CLANG_WARN_STRICT_PROTOTYPES = YES;
				CLANG_WARN_SUSPICIOUS_MOVE = YES;
				CLANG_WARN_UNGUARDED_AVAILABILITY = YES_AGGRESSIVE;
				CLANG_WARN_UNREACHABLE_CODE = YES;
				CLANG_WARN__DUPLICATE_METHOD_MATCH = YES;
				COPY_PHASE_STRIP = NO;
				DEBUG_INFORMATION_FORMAT = dwarf;
				ENABLE_STRICT_OBJC_MSGSEND = YES;
				ENABLE_TESTABILITY = YES;
				GCC_C_LANGUAGE_STANDARD = gnu11;
				GCC_DYNAMIC_NO_PIC = NO;
				GCC_NO_COMMON_BLOCKS = YES;
				GCC_OPTIMIZATION_LEVEL = 0;
				GCC_PREPROCESSOR_DEFINITIONS = (
					"DEBUG=1",
					"$(inherited)",
				);
				GCC_WARN_64_TO_32_BIT_CONVERSION = YES;
				GCC_WARN_ABOUT_RETURN_TYPE = YES_ERROR;
				GCC_WARN_UNDECLARED_SELECTOR = YES;
				GCC_WARN_UNINITIALIZED_AUTOS = YES_AGGRESSIVE;
				GCC_WARN_UNUSED_FUNCTION = YES;
				GCC_WARN_UNUSED_VARIABLE = YES;
				IPHONEOS_DEPLOYMENT_TARGET = 15.0;
				MTL_ENABLE_DEBUG_INFO = INCLUDE_SOURCE;
				MTL_FAST_MATH = YES;
				ONLY_ACTIVE_ARCH = YES;
				SDKROOT = iphoneos;
				SWIFT_ACTIVE_COMPILATION_CONDITIONS = DEBUG;
				SWIFT_OPTIMIZATION_LEVEL = "-Onone";
			};
			name = Debug;
		};
		F158BD252718AA7D00B3D736 /* Release */ = {
			isa = XCBuildConfiguration;
			buildSettings = {
				ALWAYS_SEARCH_USER_PATHS = NO;
				CLANG_ANALYZER_NONNULL = YES;
				CLANG_ANALYZER_NUMBER_OBJECT_CONVERSION = YES_AGGRESSIVE;
				CLANG_CXX_LANGUAGE_STANDARD = "gnu++17";
				CLANG_CXX_LIBRARY = "libc++";
				CLANG_ENABLE_MODULES = YES;
				CLANG_ENABLE_OBJC_ARC = YES;
				CLANG_ENABLE_OBJC_WEAK = YES;
				CLANG_WARN_BLOCK_CAPTURE_AUTORELEASING = YES;
				CLANG_WARN_BOOL_CONVERSION = YES;
				CLANG_WARN_COMMA = YES;
				CLANG_WARN_CONSTANT_CONVERSION = YES;
				CLANG_WARN_DEPRECATED_OBJC_IMPLEMENTATIONS = YES;
				CLANG_WARN_DIRECT_OBJC_ISA_USAGE = YES_ERROR;
				CLANG_WARN_DOCUMENTATION_COMMENTS = YES;
				CLANG_WARN_EMPTY_BODY = YES;
				CLANG_WARN_ENUM_CONVERSION = YES;
				CLANG_WARN_INFINITE_RECURSION = YES;
				CLANG_WARN_INT_CONVERSION = YES;
				CLANG_WARN_NON_LITERAL_NULL_CONVERSION = YES;
				CLANG_WARN_OBJC_IMPLICIT_RETAIN_SELF = YES;
				CLANG_WARN_OBJC_LITERAL_CONVERSION = YES;
				CLANG_WARN_OBJC_ROOT_CLASS = YES_ERROR;
				CLANG_WARN_QUOTED_INCLUDE_IN_FRAMEWORK_HEADER = YES;
				CLANG_WARN_RANGE_LOOP_ANALYSIS = YES;
				CLANG_WARN_STRICT_PROTOTYPES = YES;
				CLANG_WARN_SUSPICIOUS_MOVE = YES;
				CLANG_WARN_UNGUARDED_AVAILABILITY = YES_AGGRESSIVE;
				CLANG_WARN_UNREACHABLE_CODE = YES;
				CLANG_WARN__DUPLICATE_METHOD_MATCH = YES;
				COPY_PHASE_STRIP = NO;
				DEBUG_INFORMATION_FORMAT = "dwarf-with-dsym";
				ENABLE_NS_ASSERTIONS = NO;
				ENABLE_STRICT_OBJC_MSGSEND = YES;
				GCC_C_LANGUAGE_STANDARD = gnu11;
				GCC_NO_COMMON_BLOCKS = YES;
				GCC_WARN_64_TO_32_BIT_CONVERSION = YES;
				GCC_WARN_ABOUT_RETURN_TYPE = YES_ERROR;
				GCC_WARN_UNDECLARED_SELECTOR = YES;
				GCC_WARN_UNINITIALIZED_AUTOS = YES_AGGRESSIVE;
				GCC_WARN_UNUSED_FUNCTION = YES;
				GCC_WARN_UNUSED_VARIABLE = YES;
				IPHONEOS_DEPLOYMENT_TARGET = 15.0;
				MTL_ENABLE_DEBUG_INFO = NO;
				MTL_FAST_MATH = YES;
				SDKROOT = iphoneos;
				SWIFT_COMPILATION_MODE = wholemodule;
				SWIFT_OPTIMIZATION_LEVEL = "-O";
				VALIDATE_PRODUCT = YES;
			};
			name = Release;
		};
		F158BD272718AA7D00B3D736 /* Debug */ = {
			isa = XCBuildConfiguration;
			buildSettings = {
				ASSETCATALOG_COMPILER_APPICON_NAME = AppIcon;
				ASSETCATALOG_COMPILER_GLOBAL_ACCENT_COLOR_NAME = AccentColor;
				CODE_SIGN_STYLE = Automatic;
				CURRENT_PROJECT_VERSION = 1;
				DEVELOPMENT_TEAM = RR2792TYH2;
				GENERATE_INFOPLIST_FILE = YES;
				INFOPLIST_FILE = TestDelete/App/Info.plist;
				INFOPLIST_KEY_UIApplicationSupportsIndirectInputEvents = YES;
				INFOPLIST_KEY_UILaunchStoryboardName = LaunchScreen;
				INFOPLIST_KEY_UIMainStoryboardFile = Main;
				INFOPLIST_KEY_UISupportedInterfaceOrientations_iPad = "UIInterfaceOrientationPortrait UIInterfaceOrientationPortraitUpsideDown UIInterfaceOrientationLandscapeLeft UIInterfaceOrientationLandscapeRight";
				INFOPLIST_KEY_UISupportedInterfaceOrientations_iPhone = "UIInterfaceOrientationPortrait UIInterfaceOrientationLandscapeLeft UIInterfaceOrientationLandscapeRight";
				LD_RUNPATH_SEARCH_PATHS = (
					"$(inherited)",
					"@executable_path/Frameworks",
				);
				MARKETING_VERSION = 1.0;
				PRODUCT_BUNDLE_IDENTIFIER = com.ravilgab.TestDelete;
				PRODUCT_NAME = "$(TARGET_NAME)";
				SWIFT_EMIT_LOC_STRINGS = YES;
				SWIFT_VERSION = 5.0;
				TARGETED_DEVICE_FAMILY = "1,2";
			};
			name = Debug;
		};
		F158BD282718AA7D00B3D736 /* Release */ = {
			isa = XCBuildConfiguration;
			buildSettings = {
				ASSETCATALOG_COMPILER_APPICON_NAME = AppIcon;
				ASSETCATALOG_COMPILER_GLOBAL_ACCENT_COLOR_NAME = AccentColor;
				CODE_SIGN_STYLE = Automatic;
				CURRENT_PROJECT_VERSION = 1;
				DEVELOPMENT_TEAM = RR2792TYH2;
				GENERATE_INFOPLIST_FILE = YES;
				INFOPLIST_FILE = TestDelete/App/Info.plist;
				INFOPLIST_KEY_UIApplicationSupportsIndirectInputEvents = YES;
				INFOPLIST_KEY_UILaunchStoryboardName = LaunchScreen;
				INFOPLIST_KEY_UIMainStoryboardFile = Main;
				INFOPLIST_KEY_UISupportedInterfaceOrientations_iPad = "UIInterfaceOrientationPortrait UIInterfaceOrientationPortraitUpsideDown UIInterfaceOrientationLandscapeLeft UIInterfaceOrientationLandscapeRight";
				INFOPLIST_KEY_UISupportedInterfaceOrientations_iPhone = "UIInterfaceOrientationPortrait UIInterfaceOrientationLandscapeLeft UIInterfaceOrientationLandscapeRight";
				LD_RUNPATH_SEARCH_PATHS = (
					"$(inherited)",
					"@executable_path/Frameworks",
				);
				MARKETING_VERSION = 1.0;
				PRODUCT_BUNDLE_IDENTIFIER = com.ravilgab.TestDelete;
				PRODUCT_NAME = "$(TARGET_NAME)";
				SWIFT_EMIT_LOC_STRINGS = YES;
				SWIFT_VERSION = 5.0;
				TARGETED_DEVICE_FAMILY = "1,2";
			};
			name = Release;
		};
/* End XCBuildConfiguration section */

/* Begin XCConfigurationList section */
		F158BD0D2718AA7B00B3D736 /* Build configuration list for PBXProject "TestDelete" */ = {
			isa = XCConfigurationList;
			buildConfigurations = (
				F158BD242718AA7D00B3D736 /* Debug */,
				F158BD252718AA7D00B3D736 /* Release */,
			);
			defaultConfigurationIsVisible = 0;
			defaultConfigurationName = Release;
		};
		F158BD262718AA7D00B3D736 /* Build configuration list for PBXNativeTarget "TestDelete" */ = {
			isa = XCConfigurationList;
			buildConfigurations = (
				F158BD272718AA7D00B3D736 /* Debug */,
				F158BD282718AA7D00B3D736 /* Release */,
			);
			defaultConfigurationIsVisible = 0;
			defaultConfigurationName = Release;
		};
/* End XCConfigurationList section */
	};
	rootObject = F158BD0A2718AA7B00B3D736 /* Project object */;
}
